{
    "version": 3,
    "terraform_version": "0.11.7",
    "serial": 5,
    "lineage": "466a921a-f214-406b-f15d-847f58e69f2c",
    "modules": [
        {
            "path": [
                "root"
            ],
            "outputs": {},
            "resources": {
                "aws_instance.kiran-instance": {
                    "type": "aws_instance",
                    "depends_on": [],
                    "primary": {
                        "id": "i-08c02ea7e275af198",
                        "attributes": {
                            "ami": "ami-00022549374f2bcc6",
                            "associate_public_ip_address": "true",
                            "availability_zone": "eu-west-1c",
                            "cpu_core_count": "1",
                            "cpu_threads_per_core": "1",
                            "credit_specification.#": "1",
                            "credit_specification.0.cpu_credits": "standard",
                            "disable_api_termination": "false",
                            "ebs_block_device.#": "0",
                            "ebs_optimized": "false",
                            "ephemeral_block_device.#": "0",
                            "get_password_data": "false",
                            "iam_instance_profile": "",
                            "id": "i-08c02ea7e275af198",
                            "instance_state": "running",
                            "instance_type": "t2.micro",
                            "ipv6_addresses.#": "0",
                            "key_name": "",
                            "monitoring": "false",
                            "network_interface.#": "0",
                            "network_interface_id": "eni-025220db02bcdf864",
                            "password_data": "",
                            "placement_group": "",
                            "primary_network_interface_id": "eni-025220db02bcdf864",
                            "private_dns": "ip-172-31-27-119.eu-west-1.compute.internal",
                            "private_ip": "172.31.27.119",
                            "public_dns": "ec2-34-244-33-239.eu-west-1.compute.amazonaws.com",
                            "public_ip": "34.244.33.239",
                            "root_block_device.#": "1",
                            "root_block_device.0.delete_on_termination": "true",
                            "root_block_device.0.iops": "100",
                            "root_block_device.0.volume_id": "vol-05051e8c487525128",
                            "root_block_device.0.volume_size": "8",
                            "root_block_device.0.volume_type": "gp2",
                            "security_groups.#": "1",
                            "security_groups.3814588639": "default",
                            "source_dest_check": "true",
                            "subnet_id": "subnet-06e57e70",
                            "tags.%": "1",
                            "tags.Name": "kiran-app",
                            "tenancy": "default",
                            "volume_tags.%": "0",
                            "vpc_security_group_ids.#": "1",
                            "vpc_security_group_ids.1786576347": "sg-ff8d8d98"
                        },
                        "meta": {
                            "e2bfb730-ecaa-11e6-8f88-34363bc7c4c0": {
                                "create": 600000000000,
                                "delete": 1200000000000,
                                "update": 600000000000
                            },
                            "schema_version": "1"
                        },
                        "tainted": false
                    },
                    "deposed": [],
                    "provider": "provider.aws"
                },
                "aws_subnet.main": {
                    "type": "aws_subnet",
                    "depends_on": [
                        "aws_vpc.main"
                    ],
                    "primary": {
                        "id": "subnet-05b4dea5273133501",
                        "attributes": {
                            "assign_ipv6_address_on_creation": "false",
                            "availability_zone": "eu-west-1c",
                            "cidr_block": "10.0.1.0/24",
                            "id": "subnet-05b4dea5273133501",
                            "map_public_ip_on_launch": "false",
                            "tags.%": "1",
                            "tags.Name": "kiran-subnet",
                            "vpc_id": "vpc-03b41ea526682c175"
                        },
                        "meta": {
                            "schema_version": "1"
                        },
                        "tainted": false
                    },
                    "deposed": [],
                    "provider": "provider.aws"
                },
                "aws_vpc.main": {
                    "type": "aws_vpc",
                    "depends_on": [],
                    "primary": {
                        "id": "vpc-03b41ea526682c175",
                        "attributes": {
                            "arn": "arn:aws:ec2:eu-west-1:135928476890:vpc/vpc-03b41ea526682c175",
                            "assign_generated_ipv6_cidr_block": "false",
                            "cidr_block": "10.0.0.0/16",
                            "default_network_acl_id": "acl-0f3bf6f7c857fa4ef",
                            "default_route_table_id": "rtb-0dac634e044a3b00e",
                            "default_security_group_id": "sg-0cda798e404198d56",
                            "dhcp_options_id": "dopt-18d5d77d",
                            "enable_classiclink": "false",
                            "enable_classiclink_dns_support": "false",
                            "enable_dns_hostnames": "false",
                            "enable_dns_support": "true",
                            "id": "vpc-03b41ea526682c175",
                            "instance_tenancy": "dedicated",
                            "main_route_table_id": "rtb-0dac634e044a3b00e",
                            "tags.%": "1",
                            "tags.Name": "kiran-vpc"
                        },
                        "meta": {
                            "schema_version": "1"
                        },
                        "tainted": false
                    },
                    "deposed": [],
                    "provider": "provider.aws"
                }
            },
            "depends_on": []
        }
    ]
}
